{
  "name": "ts-mobile-ui-playground-uniapp-x",
  "version": "0.0.1",
  "lockfileVersion": 3,
  "requires": true,
  "packages": {
    "": {
      "name": "ts-mobile-ui-playground-uniapp-x",
      "version": "0.0.1",
      "dependencies": {
        "@tiansu/ts-mobile-installer": "^0.0.5"
      }
    },
    "node_modules/@tiansu/ts-mobile-installer": {
      "version": "0.0.5",
      "resolved": "http://192.168.20.200:7049/repository/npm-tiansu/@tiansu/ts-mobile-installer/-/ts-mobile-installer-0.0.5.tgz",
      "integrity": "sha512-UDFnVNDlt9c6x7ugklgILhiTvDb6ufx4p0FZU8xHeOBnmjOB85eeFnuIRzNbdNsSEP+WdjuzkkA1+xz/pLapIQ==",
      "hasInstallScript": true,
      "license": "MIT",
      "bin": {
        "ts-mobile-installer": "dist/bin.js"
      }
    }
  }
}
